
Microsoft Visual Studio Solution File, Format Version 12.00
# Visual Studio 15
VisualStudioVersion = 15.0.28010.2050
MinimumVisualStudioVersion = 10.0.40219.1
Project("{8BC9CEB8-8B4A-11D0-8D11-00A0C91BC942}") = "27.13476", "27.13476\27.13476.vcxproj", "{5B2B551F-BA3D-483E-B54D-D99A10F5D718}"
EndProject
Project("{8BC9CEB8-8B4A-11D0-8D11-00A0C91BC942}") = "ConsoleApplication1", "ConsoleApplication1\ConsoleApplication1.vcxproj", "{452C99B7-3296-4238-8C36-970218E76B0B}"
EndProject
Project("{8BC9CEB8-8B4A-11D0-8D11-00A0C91BC942}") = "ConsoleApplication2", "ConsoleApplication2\ConsoleApplication2.vcxproj", "{869C947F-2384-4743-9FF3-CB0FBA1E6E8C}"
EndProject
Project("{8BC9CEB8-8B4A-11D0-8D11-00A0C91BC942}") = "ConsoleApplication3", "ConsoleApplication3\ConsoleApplication3.vcxproj", "{09BAB26B-C511-48BD-AC3C-54C81EDABEEC}"
EndProject
Project("{8BC9CEB8-8B4A-11D0-8D11-00A0C91BC942}") = "27.14242", "27.14242\27.14242.vcxproj", "{889A7CB3-849E-49F1-B0FB-C0E4607228A6}"
EndProject
Project("{8BC9CEB8-8B4A-11D0-8D11-00A0C91BC942}") = "27.14286", "27.14286\27.14286.vcxproj", "{44F15E37-4DE5-4519-B5B7-1A3FD2134D8F}"
EndProject
Project("{8BC9CEB8-8B4A-11D0-8D11-00A0C91BC942}") = "27.14713", "27.14713\27.14713.vcxproj", "{7DCB26D0-0711-45AF-9310-B3DF1EAD4E0B}"
EndProject
Project("{8BC9CEB8-8B4A-11D0-8D11-00A0C91BC942}") = "27.14788", "27.14788\27.14788.vcxproj", "{C8F898AC-4483-4EED-B173-0E3BC0D31DD1}"
EndProject
Project("{8BC9CEB8-8B4A-11D0-8D11-00A0C91BC942}") = "27.15122", "27.15122\27.15122.vcxproj", "{21436A18-B1FA-462E-AAA9-CEED885781E5}"
EndProject
Project("{8BC9CEB8-8B4A-11D0-8D11-00A0C91BC942}") = "ConsoleApplication4", "ConsoleApplication4\ConsoleApplication4.vcxproj", "{D0E6FCEC-75E6-4CBE-A6A1-B82DA156AC5A}"
EndProject
Project("{8BC9CEB8-8B4A-11D0-8D11-00A0C91BC942}") = "27.6906", "27.6906\27.6906.vcxproj", "{1501D181-5FFC-4B4B-AD3A-EB49233C46BC}"
EndProject
Project("{8BC9CEB8-8B4A-11D0-8D11-00A0C91BC942}") = "27.6436", "27.6436\27.6436.vcxproj", "{7A5BA990-719D-413B-A5CA-E4B44863FCBF}"
EndProject
Project("{8BC9CEB8-8B4A-11D0-8D11-00A0C91BC942}") = "27.3628", "27.3628\27.3628.vcxproj", "{875AB92E-A4C1-44C1-9ED0-2D8E63E8F50C}"
EndProject
Project("{8BC9CEB8-8B4A-11D0-8D11-00A0C91BC942}") = "27.5291", "27.5291\27.5291.vcxproj", "{567848AF-B8AF-4AA3-84D7-8267E38FF628}"
EndProject
Project("{8BC9CEB8-8B4A-11D0-8D11-00A0C91BC942}") = "27.4", "27.4\27.4.vcxproj", "{D182C85B-BF67-4ED9-923E-EF6F5227C22C}"
EndProject
Project("{8BC9CEB8-8B4A-11D0-8D11-00A0C91BC942}") = "27.6", "27.6\27.6.vcxproj", "{38C7ADE2-8754-4D85-98C6-9609E8A8452E}"
EndProject
Project("{8BC9CEB8-8B4A-11D0-8D11-00A0C91BC942}") = "27.1", "27.1\27.1.vcxproj", "{AE0F0D4C-D0C5-4A6B-9AA7-609D19F66B00}"
EndProject
Global
	GlobalSection(SolutionConfigurationPlatforms) = preSolution
		Debug|x64 = Debug|x64
		Debug|x86 = Debug|x86
		Release|x64 = Release|x64
		Release|x86 = Release|x86
	EndGlobalSection
	GlobalSection(ProjectConfigurationPlatforms) = postSolution
		{5B2B551F-BA3D-483E-B54D-D99A10F5D718}.Debug|x64.ActiveCfg = Debug|x64
		{5B2B551F-BA3D-483E-B54D-D99A10F5D718}.Debug|x64.Build.0 = Debug|x64
		{5B2B551F-BA3D-483E-B54D-D99A10F5D718}.Debug|x86.ActiveCfg = Debug|Win32
		{5B2B551F-BA3D-483E-B54D-D99A10F5D718}.Debug|x86.Build.0 = Debug|Win32
		{5B2B551F-BA3D-483E-B54D-D99A10F5D718}.Release|x64.ActiveCfg = Release|x64
		{5B2B551F-BA3D-483E-B54D-D99A10F5D718}.Release|x64.Build.0 = Release|x64
		{5B2B551F-BA3D-483E-B54D-D99A10F5D718}.Release|x86.ActiveCfg = Release|Win32
		{5B2B551F-BA3D-483E-B54D-D99A10F5D718}.Release|x86.Build.0 = Release|Win32
		{452C99B7-3296-4238-8C36-970218E76B0B}.Debug|x64.ActiveCfg = Debug|x64
		{452C99B7-3296-4238-8C36-970218E76B0B}.Debug|x64.Build.0 = Debug|x64
		{452C99B7-3296-4238-8C36-970218E76B0B}.Debug|x86.ActiveCfg = Debug|Win32
		{452C99B7-3296-4238-8C36-970218E76B0B}.Debug|x86.Build.0 = Debug|Win32
		{452C99B7-3296-4238-8C36-970218E76B0B}.Release|x64.ActiveCfg = Release|x64
		{452C99B7-3296-4238-8C36-970218E76B0B}.Release|x64.Build.0 = Release|x64
		{452C99B7-3296-4238-8C36-970218E76B0B}.Release|x86.ActiveCfg = Release|Win32
		{452C99B7-3296-4238-8C36-970218E76B0B}.Release|x86.Build.0 = Release|Win32
		{869C947F-2384-4743-9FF3-CB0FBA1E6E8C}.Debug|x64.ActiveCfg = Debug|x64
		{869C947F-2384-4743-9FF3-CB0FBA1E6E8C}.Debug|x64.Build.0 = Debug|x64
		{869C947F-2384-4743-9FF3-CB0FBA1E6E8C}.Debug|x86.ActiveCfg = Debug|Win32
		{869C947F-2384-4743-9FF3-CB0FBA1E6E8C}.Debug|x86.Build.0 = Debug|Win32
		{869C947F-2384-4743-9FF3-CB0FBA1E6E8C}.Release|x64.ActiveCfg = Release|x64
		{869C947F-2384-4743-9FF3-CB0FBA1E6E8C}.Release|x64.Build.0 = Release|x64
		{869C947F-2384-4743-9FF3-CB0FBA1E6E8C}.Release|x86.ActiveCfg = Release|Win32
		{869C947F-2384-4743-9FF3-CB0FBA1E6E8C}.Release|x86.Build.0 = Release|Win32
		{09BAB26B-C511-48BD-AC3C-54C81EDABEEC}.Debug|x64.ActiveCfg = Debug|x64
		{09BAB26B-C511-48BD-AC3C-54C81EDABEEC}.Debug|x64.Build.0 = Debug|x64
		{09BAB26B-C511-48BD-AC3C-54C81EDABEEC}.Debug|x86.ActiveCfg = Debug|Win32
		{09BAB26B-C511-48BD-AC3C-54C81EDABEEC}.Debug|x86.Build.0 = Debug|Win32
		{09BAB26B-C511-48BD-AC3C-54C81EDABEEC}.Release|x64.ActiveCfg = Release|x64
		{09BAB26B-C511-48BD-AC3C-54C81EDABEEC}.Release|x64.Build.0 = Release|x64
		{09BAB26B-C511-48BD-AC3C-54C81EDABEEC}.Release|x86.ActiveCfg = Release|Win32
		{09BAB26B-C511-48BD-AC3C-54C81EDABEEC}.Release|x86.Build.0 = Release|Win32
		{889A7CB3-849E-49F1-B0FB-C0E4607228A6}.Debug|x64.ActiveCfg = Debug|x64
		{889A7CB3-849E-49F1-B0FB-C0E4607228A6}.Debug|x64.Build.0 = Debug|x64
		{889A7CB3-849E-49F1-B0FB-C0E4607228A6}.Debug|x86.ActiveCfg = Debug|Win32
		{889A7CB3-849E-49F1-B0FB-C0E4607228A6}.Debug|x86.Build.0 = Debug|Win32
		{889A7CB3-849E-49F1-B0FB-C0E4607228A6}.Release|x64.ActiveCfg = Release|x64
		{889A7CB3-849E-49F1-B0FB-C0E4607228A6}.Release|x64.Build.0 = Release|x64
		{889A7CB3-849E-49F1-B0FB-C0E4607228A6}.Release|x86.ActiveCfg = Release|Win32
		{889A7CB3-849E-49F1-B0FB-C0E4607228A6}.Release|x86.Build.0 = Release|Win32
		{44F15E37-4DE5-4519-B5B7-1A3FD2134D8F}.Debug|x64.ActiveCfg = Debug|x64
		{44F15E37-4DE5-4519-B5B7-1A3FD2134D8F}.Debug|x64.Build.0 = Debug|x64
		{44F15E37-4DE5-4519-B5B7-1A3FD2134D8F}.Debug|x86.ActiveCfg = Debug|Win32
		{44F15E37-4DE5-4519-B5B7-1A3FD2134D8F}.Debug|x86.Build.0 = Debug|Win32
		{44F15E37-4DE5-4519-B5B7-1A3FD2134D8F}.Release|x64.ActiveCfg = Release|x64
		{44F15E37-4DE5-4519-B5B7-1A3FD2134D8F}.Release|x64.Build.0 = Release|x64
		{44F15E37-4DE5-4519-B5B7-1A3FD2134D8F}.Release|x86.ActiveCfg = Release|Win32
		{44F15E37-4DE5-4519-B5B7-1A3FD2134D8F}.Release|x86.Build.0 = Release|Win32
		{7DCB26D0-0711-45AF-9310-B3DF1EAD4E0B}.Debug|x64.ActiveCfg = Debug|x64
		{7DCB26D0-0711-45AF-9310-B3DF1EAD4E0B}.Debug|x64.Build.0 = Debug|x64
		{7DCB26D0-0711-45AF-9310-B3DF1EAD4E0B}.Debug|x86.ActiveCfg = Debug|Win32
		{7DCB26D0-0711-45AF-9310-B3DF1EAD4E0B}.Debug|x86.Build.0 = Debug|Win32
		{7DCB26D0-0711-45AF-9310-B3DF1EAD4E0B}.Release|x64.ActiveCfg = Release|x64
		{7DCB26D0-0711-45AF-9310-B3DF1EAD4E0B}.Release|x64.Build.0 = Release|x64
		{7DCB26D0-0711-45AF-9310-B3DF1EAD4E0B}.Release|x86.ActiveCfg = Release|Win32
		{7DCB26D0-0711-45AF-9310-B3DF1EAD4E0B}.Release|x86.Build.0 = Release|Win32
		{C8F898AC-4483-4EED-B173-0E3BC0D31DD1}.Debug|x64.ActiveCfg = Debug|x64
		{C8F898AC-4483-4EED-B173-0E3BC0D31DD1}.Debug|x64.Build.0 = Debug|x64
		{C8F898AC-4483-4EED-B173-0E3BC0D31DD1}.Debug|x86.ActiveCfg = Debug|Win32
		{C8F898AC-4483-4EED-B173-0E3BC0D31DD1}.Debug|x86.Build.0 = Debug|Win32
		{C8F898AC-4483-4EED-B173-0E3BC0D31DD1}.Release|x64.ActiveCfg = Release|x64
		{C8F898AC-4483-4EED-B173-0E3BC0D31DD1}.Release|x64.Build.0 = Release|x64
		{C8F898AC-4483-4EED-B173-0E3BC0D31DD1}.Release|x86.ActiveCfg = Release|Win32
		{C8F898AC-4483-4EED-B173-0E3BC0D31DD1}.Release|x86.Build.0 = Release|Win32
		{21436A18-B1FA-462E-AAA9-CEED885781E5}.Debug|x64.ActiveCfg = Debug|x64
		{21436A18-B1FA-462E-AAA9-CEED885781E5}.Debug|x64.Build.0 = Debug|x64
		{21436A18-B1FA-462E-AAA9-CEED885781E5}.Debug|x86.ActiveCfg = Debug|Win32
		{21436A18-B1FA-462E-AAA9-CEED885781E5}.Debug|x86.Build.0 = Debug|Win32
		{21436A18-B1FA-462E-AAA9-CEED885781E5}.Release|x64.ActiveCfg = Release|x64
		{21436A18-B1FA-462E-AAA9-CEED885781E5}.Release|x64.Build.0 = Release|x64
		{21436A18-B1FA-462E-AAA9-CEED885781E5}.Release|x86.ActiveCfg = Release|Win32
		{21436A18-B1FA-462E-AAA9-CEED885781E5}.Release|x86.Build.0 = Release|Win32
		{D0E6FCEC-75E6-4CBE-A6A1-B82DA156AC5A}.Debug|x64.ActiveCfg = Debug|x64
		{D0E6FCEC-75E6-4CBE-A6A1-B82DA156AC5A}.Debug|x64.Build.0 = Debug|x64
		{D0E6FCEC-75E6-4CBE-A6A1-B82DA156AC5A}.Debug|x86.ActiveCfg = Debug|Win32
		{D0E6FCEC-75E6-4CBE-A6A1-B82DA156AC5A}.Debug|x86.Build.0 = Debug|Win32
		{D0E6FCEC-75E6-4CBE-A6A1-B82DA156AC5A}.Release|x64.ActiveCfg = Release|x64
		{D0E6FCEC-75E6-4CBE-A6A1-B82DA156AC5A}.Release|x64.Build.0 = Release|x64
		{D0E6FCEC-75E6-4CBE-A6A1-B82DA156AC5A}.Release|x86.ActiveCfg = Release|Win32
		{D0E6FCEC-75E6-4CBE-A6A1-B82DA156AC5A}.Release|x86.Build.0 = Release|Win32
		{1501D181-5FFC-4B4B-AD3A-EB49233C46BC}.Debug|x64.ActiveCfg = Debug|x64
		{1501D181-5FFC-4B4B-AD3A-EB49233C46BC}.Debug|x64.Build.0 = Debug|x64
		{1501D181-5FFC-4B4B-AD3A-EB49233C46BC}.Debug|x86.ActiveCfg = Debug|Win32
		{1501D181-5FFC-4B4B-AD3A-EB49233C46BC}.Debug|x86.Build.0 = Debug|Win32
		{1501D181-5FFC-4B4B-AD3A-EB49233C46BC}.Release|x64.ActiveCfg = Release|x64
		{1501D181-5FFC-4B4B-AD3A-EB49233C46BC}.Release|x64.Build.0 = Release|x64
		{1501D181-5FFC-4B4B-AD3A-EB49233C46BC}.Release|x86.ActiveCfg = Release|Win32
		{1501D181-5FFC-4B4B-AD3A-EB49233C46BC}.Release|x86.Build.0 = Release|Win32
		{7A5BA990-719D-413B-A5CA-E4B44863FCBF}.Debug|x64.ActiveCfg = Debug|x64
		{7A5BA990-719D-413B-A5CA-E4B44863FCBF}.Debug|x64.Build.0 = Debug|x64
		{7A5BA990-719D-413B-A5CA-E4B44863FCBF}.Debug|x86.ActiveCfg = Debug|Win32
		{7A5BA990-719D-413B-A5CA-E4B44863FCBF}.Debug|x86.Build.0 = Debug|Win32
		{7A5BA990-719D-413B-A5CA-E4B44863FCBF}.Release|x64.ActiveCfg = Release|x64
		{7A5BA990-719D-413B-A5CA-E4B44863FCBF}.Release|x64.Build.0 = Release|x64
		{7A5BA990-719D-413B-A5CA-E4B44863FCBF}.Release|x86.ActiveCfg = Release|Win32
		{7A5BA990-719D-413B-A5CA-E4B44863FCBF}.Release|x86.Build.0 = Release|Win32
		{875AB92E-A4C1-44C1-9ED0-2D8E63E8F50C}.Debug|x64.ActiveCfg = Debug|x64
		{875AB92E-A4C1-44C1-9ED0-2D8E63E8F50C}.Debug|x64.Build.0 = Debug|x64
		{875AB92E-A4C1-44C1-9ED0-2D8E63E8F50C}.Debug|x86.ActiveCfg = Debug|Win32
		{875AB92E-A4C1-44C1-9ED0-2D8E63E8F50C}.Debug|x86.Build.0 = Debug|Win32
		{875AB92E-A4C1-44C1-9ED0-2D8E63E8F50C}.Release|x64.ActiveCfg = Release|x64
		{875AB92E-A4C1-44C1-9ED0-2D8E63E8F50C}.Release|x64.Build.0 = Release|x64
		{875AB92E-A4C1-44C1-9ED0-2D8E63E8F50C}.Release|x86.ActiveCfg = Release|Win32
		{875AB92E-A4C1-44C1-9ED0-2D8E63E8F50C}.Release|x86.Build.0 = Release|Win32
		{567848AF-B8AF-4AA3-84D7-8267E38FF628}.Debug|x64.ActiveCfg = Debug|x64
		{567848AF-B8AF-4AA3-84D7-8267E38FF628}.Debug|x64.Build.0 = Debug|x64
		{567848AF-B8AF-4AA3-84D7-8267E38FF628}.Debug|x86.ActiveCfg = Debug|Win32
		{567848AF-B8AF-4AA3-84D7-8267E38FF628}.Debug|x86.Build.0 = Debug|Win32
		{567848AF-B8AF-4AA3-84D7-8267E38FF628}.Release|x64.ActiveCfg = Release|x64
		{567848AF-B8AF-4AA3-84D7-8267E38FF628}.Release|x64.Build.0 = Release|x64
		{567848AF-B8AF-4AA3-84D7-8267E38FF628}.Release|x86.ActiveCfg = Release|Win32
		{567848AF-B8AF-4AA3-84D7-8267E38FF628}.Release|x86.Build.0 = Release|Win32
		{D182C85B-BF67-4ED9-923E-EF6F5227C22C}.Debug|x64.ActiveCfg = Debug|x64
		{D182C85B-BF67-4ED9-923E-EF6F5227C22C}.Debug|x64.Build.0 = Debug|x64
		{D182C85B-BF67-4ED9-923E-EF6F5227C22C}.Debug|x86.ActiveCfg = Debug|Win32
		{D182C85B-BF67-4ED9-923E-EF6F5227C22C}.Debug|x86.Build.0 = Debug|Win32
		{D182C85B-BF67-4ED9-923E-EF6F5227C22C}.Release|x64.ActiveCfg = Release|x64
		{D182C85B-BF67-4ED9-923E-EF6F5227C22C}.Release|x64.Build.0 = Release|x64
		{D182C85B-BF67-4ED9-923E-EF6F5227C22C}.Release|x86.ActiveCfg = Release|Win32
		{D182C85B-BF67-4ED9-923E-EF6F5227C22C}.Release|x86.Build.0 = Release|Win32
		{38C7ADE2-8754-4D85-98C6-9609E8A8452E}.Debug|x64.ActiveCfg = Debug|x64
		{38C7ADE2-8754-4D85-98C6-9609E8A8452E}.Debug|x64.Build.0 = Debug|x64
		{38C7ADE2-8754-4D85-98C6-9609E8A8452E}.Debug|x86.ActiveCfg = Debug|Win32
		{38C7ADE2-8754-4D85-98C6-9609E8A8452E}.Debug|x86.Build.0 = Debug|Win32
		{38C7ADE2-8754-4D85-98C6-9609E8A8452E}.Release|x64.ActiveCfg = Release|x64
		{38C7ADE2-8754-4D85-98C6-9609E8A8452E}.Release|x64.Build.0 = Release|x64
		{38C7ADE2-8754-4D85-98C6-9609E8A8452E}.Release|x86.ActiveCfg = Release|Win32
		{38C7ADE2-8754-4D85-98C6-9609E8A8452E}.Release|x86.Build.0 = Release|Win32
		{AE0F0D4C-D0C5-4A6B-9AA7-609D19F66B00}.Debug|x64.ActiveCfg = Debug|x64
		{AE0F0D4C-D0C5-4A6B-9AA7-609D19F66B00}.Debug|x64.Build.0 = Debug|x64
		{AE0F0D4C-D0C5-4A6B-9AA7-609D19F66B00}.Debug|x86.ActiveCfg = Debug|Win32
		{AE0F0D4C-D0C5-4A6B-9AA7-609D19F66B00}.Debug|x86.Build.0 = Debug|Win32
		{AE0F0D4C-D0C5-4A6B-9AA7-609D19F66B00}.Release|x64.ActiveCfg = Release|x64
		{AE0F0D4C-D0C5-4A6B-9AA7-609D19F66B00}.Release|x64.Build.0 = Release|x64
		{AE0F0D4C-D0C5-4A6B-9AA7-609D19F66B00}.Release|x86.ActiveCfg = Release|Win32
		{AE0F0D4C-D0C5-4A6B-9AA7-609D19F66B00}.Release|x86.Build.0 = Release|Win32
	EndGlobalSection
	GlobalSection(SolutionProperties) = preSolution
		HideSolutionNode = FALSE
	EndGlobalSection
	GlobalSection(ExtensibilityGlobals) = postSolution
		SolutionGuid = {9CAD3803-BA24-4E04-9124-76FDB772B0C5}
	EndGlobalSection
EndGlobal
