
Microsoft Visual Studio Solution File, Format Version 12.00
# Visual Studio 15
VisualStudioVersion = 15.0.28010.2050
MinimumVisualStudioVersion = 10.0.40219.1
Project("{8BC9CEB8-8B4A-11D0-8D11-00A0C91BC942}") = "ConsoleApplication1", "ConsoleApplication1\ConsoleApplication1.vcxproj", "{B5B6CFFF-FA76-4410-8105-8062420E75EA}"
EndProject
Global
	GlobalSection(SolutionConfigurationPlatforms) = preSolution
		Debug|x64 = Debug|x64
		Debug|x86 = Debug|x86
		Release|x64 = Release|x64
		Release|x86 = Release|x86
	EndGlobalSection
	GlobalSection(ProjectConfigurationPlatforms) = postSolution
		{B5B6CFFF-FA76-4410-8105-8062420E75EA}.Debug|x64.ActiveCfg = Debug|x64
		{B5B6CFFF-FA76-4410-8105-8062420E75EA}.Debug|x64.Build.0 = Debug|x64
		{B5B6CFFF-FA76-4410-8105-8062420E75EA}.Debug|x86.ActiveCfg = Debug|Win32
		{B5B6CFFF-FA76-4410-8105-8062420E75EA}.Debug|x86.Build.0 = Debug|Win32
		{B5B6CFFF-FA76-4410-8105-8062420E75EA}.Release|x64.ActiveCfg = Release|x64
		{B5B6CFFF-FA76-4410-8105-8062420E75EA}.Release|x64.Build.0 = Release|x64
		{B5B6CFFF-FA76-4410-8105-8062420E75EA}.Release|x86.ActiveCfg = Release|Win32
		{B5B6CFFF-FA76-4410-8105-8062420E75EA}.Release|x86.Build.0 = Release|Win32
	EndGlobalSection
	GlobalSection(SolutionProperties) = preSolution
		HideSolutionNode = FALSE
	EndGlobalSection
	GlobalSection(ExtensibilityGlobals) = postSolution
		SolutionGuid = {E13CDFAC-5014-4E51-846A-788446355229}
	EndGlobalSection
EndGlobal
